
Microsoft Visual Studio Solution File, Format Version 12.00
# Visual Studio 2013
VisualStudioVersion = 12.0.21005.1
MinimumVisualStudioVersion = 10.0.40219.1
Project("{FAE04EC0-301F-11D3-BF4B-00C04F79EFBC}") = "Play1", "Play1\Play1.csproj", "{8D2A8DEC-A4C4-49E4-B932-5ACCA3473904}"
EndProject
Project("{FAE04EC0-301F-11D3-BF4B-00C04F79EFBC}") = "Dal", "Dal\Dal.csproj", "{D4620021-2A69-4EA1-BD59-F616E54E4DA5}"
EndProject
Project("{FAE04EC0-301F-11D3-BF4B-00C04F79EFBC}") = "Dal.Tests", "Dal.Tests\Dal.Tests.csproj", "{A4174F81-9538-46A7-8E45-BFF3643C3969}"
EndProject
Project("{FAE04EC0-301F-11D3-BF4B-00C04F79EFBC}") = "CsvProcessor", "CsvProcessor\CsvProcessor.csproj", "{C4043FB6-DB0E-4117-A4B2-6536002A0011}"
EndProject
Global
	GlobalSection(SolutionConfigurationPlatforms) = preSolution
		Debug|Any CPU = Debug|Any CPU
		Release|Any CPU = Release|Any CPU
	EndGlobalSection
	GlobalSection(ProjectConfigurationPlatforms) = postSolution
		{8D2A8DEC-A4C4-49E4-B932-5ACCA3473904}.Debug|Any CPU.ActiveCfg = Debug|Any CPU
		{8D2A8DEC-A4C4-49E4-B932-5ACCA3473904}.Debug|Any CPU.Build.0 = Debug|Any CPU
		{8D2A8DEC-A4C4-49E4-B932-5ACCA3473904}.Release|Any CPU.ActiveCfg = Release|Any CPU
		{8D2A8DEC-A4C4-49E4-B932-5ACCA3473904}.Release|Any CPU.Build.0 = Release|Any CPU
		{D4620021-2A69-4EA1-BD59-F616E54E4DA5}.Debug|Any CPU.ActiveCfg = Debug|Any CPU
		{D4620021-2A69-4EA1-BD59-F616E54E4DA5}.Debug|Any CPU.Build.0 = Debug|Any CPU
		{D4620021-2A69-4EA1-BD59-F616E54E4DA5}.Release|Any CPU.ActiveCfg = Release|Any CPU
		{D4620021-2A69-4EA1-BD59-F616E54E4DA5}.Release|Any CPU.Build.0 = Release|Any CPU
		{A4174F81-9538-46A7-8E45-BFF3643C3969}.Debug|Any CPU.ActiveCfg = Debug|Any CPU
		{A4174F81-9538-46A7-8E45-BFF3643C3969}.Debug|Any CPU.Build.0 = Debug|Any CPU
		{A4174F81-9538-46A7-8E45-BFF3643C3969}.Release|Any CPU.ActiveCfg = Release|Any CPU
		{A4174F81-9538-46A7-8E45-BFF3643C3969}.Release|Any CPU.Build.0 = Release|Any CPU
		{C4043FB6-DB0E-4117-A4B2-6536002A0011}.Debug|Any CPU.ActiveCfg = Debug|Any CPU
		{C4043FB6-DB0E-4117-A4B2-6536002A0011}.Debug|Any CPU.Build.0 = Debug|Any CPU
		{C4043FB6-DB0E-4117-A4B2-6536002A0011}.Release|Any CPU.ActiveCfg = Release|Any CPU
		{C4043FB6-DB0E-4117-A4B2-6536002A0011}.Release|Any CPU.Build.0 = Release|Any CPU
	EndGlobalSection
	GlobalSection(SolutionProperties) = preSolution
		HideSolutionNode = FALSE
	EndGlobalSection
EndGlobal
